
Microsoft Visual Studio Solution File, Format Version 12.00
# Visual Studio 15
VisualStudioVersion = 15.0.28010.2036
MinimumVisualStudioVersion = 10.0.40219.1
Project("{FAE04EC0-301F-11D3-BF4B-00C04F79EFBC}") = "WorkShop.CLI", "WorkShop.CLI\WorkShop.CLI.csproj", "{B975F294-7111-4CFF-9089-AC8E914C7D07}"
EndProject
Project("{FAE04EC0-301F-11D3-BF4B-00C04F79EFBC}") = "WorkShop.Lib", "WorkShop.Lib\WorkShop.Lib.csproj", "{18761DF8-3B51-4DF4-BF50-847DFAE6AF1F}"
EndProject
Project("{FAE04EC0-301F-11D3-BF4B-00C04F79EFBC}") = "WorkShop.Tests", "WorkShop.Tests\WorkShop.Tests.csproj", "{33A37360-7CB6-4C5A-8174-D9560112D73C}"
EndProject
Global
	GlobalSection(SolutionConfigurationPlatforms) = preSolution
		Debug|Any CPU = Debug|Any CPU
		Release|Any CPU = Release|Any CPU
	EndGlobalSection
	GlobalSection(ProjectConfigurationPlatforms) = postSolution
		{B975F294-7111-4CFF-9089-AC8E914C7D07}.Debug|Any CPU.ActiveCfg = Debug|Any CPU
		{B975F294-7111-4CFF-9089-AC8E914C7D07}.Debug|Any CPU.Build.0 = Debug|Any CPU
		{B975F294-7111-4CFF-9089-AC8E914C7D07}.Release|Any CPU.ActiveCfg = Release|Any CPU
		{B975F294-7111-4CFF-9089-AC8E914C7D07}.Release|Any CPU.Build.0 = Release|Any CPU
		{18761DF8-3B51-4DF4-BF50-847DFAE6AF1F}.Debug|Any CPU.ActiveCfg = Debug|Any CPU
		{18761DF8-3B51-4DF4-BF50-847DFAE6AF1F}.Debug|Any CPU.Build.0 = Debug|Any CPU
		{18761DF8-3B51-4DF4-BF50-847DFAE6AF1F}.Release|Any CPU.ActiveCfg = Release|Any CPU
		{18761DF8-3B51-4DF4-BF50-847DFAE6AF1F}.Release|Any CPU.Build.0 = Release|Any CPU
		{33A37360-7CB6-4C5A-8174-D9560112D73C}.Debug|Any CPU.ActiveCfg = Debug|Any CPU
		{33A37360-7CB6-4C5A-8174-D9560112D73C}.Debug|Any CPU.Build.0 = Debug|Any CPU
		{33A37360-7CB6-4C5A-8174-D9560112D73C}.Release|Any CPU.ActiveCfg = Release|Any CPU
		{33A37360-7CB6-4C5A-8174-D9560112D73C}.Release|Any CPU.Build.0 = Release|Any CPU
	EndGlobalSection
	GlobalSection(SolutionProperties) = preSolution
		HideSolutionNode = FALSE
	EndGlobalSection
	GlobalSection(ExtensibilityGlobals) = postSolution
		SolutionGuid = {277BFFD0-2578-4F94-9D11-74815F8DF842}
	EndGlobalSection
EndGlobal
